
Microsoft Visual Studio Solution File, Format Version 12.00
# Visual Studio 15
VisualStudioVersion = 15.0.27703.2042
MinimumVisualStudioVersion = 10.0.40219.1
Project("{FAE04EC0-301F-11D3-BF4B-00C04F79EFBC}") = "ThirdEyeErrorLog", "ThirdEyeErrorLog\ThirdEyeErrorLog.csproj", "{DB68406B-E565-4990-9752-4791C596EFBB}"
EndProject
Global
	GlobalSection(SolutionConfigurationPlatforms) = preSolution
		Debug|Any CPU = Debug|Any CPU
		Release|Any CPU = Release|Any CPU
	EndGlobalSection
	GlobalSection(ProjectConfigurationPlatforms) = postSolution
		{DB68406B-E565-4990-9752-4791C596EFBB}.Debug|Any CPU.ActiveCfg = Debug|Any CPU
		{DB68406B-E565-4990-9752-4791C596EFBB}.Debug|Any CPU.Build.0 = Debug|Any CPU
		{DB68406B-E565-4990-9752-4791C596EFBB}.Release|Any CPU.ActiveCfg = Release|Any CPU
		{DB68406B-E565-4990-9752-4791C596EFBB}.Release|Any CPU.Build.0 = Release|Any CPU
	EndGlobalSection
	GlobalSection(SolutionProperties) = preSolution
		HideSolutionNode = FALSE
	EndGlobalSection
	GlobalSection(ExtensibilityGlobals) = postSolution
		SolutionGuid = {1DF0B12B-5254-49AC-A2C4-C0976B39B2BC}
	EndGlobalSection
EndGlobal
